
Microsoft Visual Studio Solution File, Format Version 12.00
# Visual Studio Version 17
VisualStudioVersion = 17.6.33829.357
MinimumVisualStudioVersion = 10.0.40219.1
Project("{FAE04EC0-301F-11D3-BF4B-00C04F79EFBC}") = "Calculator", "Calculator.csproj", "{1ECF12A0-A984-4EB5-91F3-4E671BA15758}"
EndProject
Global
	GlobalSection(SolutionConfigurationPlatforms) = preSolution
		Debug|Any CPU = Debug|Any CPU
		Release|Any CPU = Release|Any CPU
	EndGlobalSection
	GlobalSection(ProjectConfigurationPlatforms) = postSolution
		{1ECF12A0-A984-4EB5-91F3-4E671BA15758}.Debug|Any CPU.ActiveCfg = Debug|Any CPU
		{1ECF12A0-A984-4EB5-91F3-4E671BA15758}.Debug|Any CPU.Build.0 = Debug|Any CPU
		{1ECF12A0-A984-4EB5-91F3-4E671BA15758}.Release|Any CPU.ActiveCfg = Release|Any CPU
		{1ECF12A0-A984-4EB5-91F3-4E671BA15758}.Release|Any CPU.Build.0 = Release|Any CPU
	EndGlobalSection
	GlobalSection(SolutionProperties) = preSolution
		HideSolutionNode = FALSE
	EndGlobalSection
	GlobalSection(ExtensibilityGlobals) = postSolution
		SolutionGuid = {0A18423B-2A7A-4736-BE4A-23BE56613444}
	EndGlobalSection
EndGlobal
